{
    "name": "action-examples",
    "version": "1.0.0",
    "lockfileVersion": 3,
    "requires": true,
    "packages": {
        "": {
            "name": "action-examples",
            "version": "1.0.0",
            "license": "ISC",
            "dependencies": {
                "actions-spec": "^1.0.2"
            }
        },
        "node_modules/actions-spec": {
            "version": "1.0.2",
            "resolved": "https://registry.npmjs.org/actions-spec/-/actions-spec-1.0.2.tgz",
            "integrity": "sha512-RFKA/luUljoHe4XBfHYNZ8iNLktr4YtbGpQVzbKQxFB2tlskgdujTNhZDjFSDWp2DMRz55h7ICU+29Uac068YQ=="
        }
    }
}
