{
    "name": "action-examples",
    "version": "1.0.0",
    "lockfileVersion": 3,
    "requires": true,
    "packages": {
        "": {
            "name": "action-examples",
            "version": "1.0.0",
            "license": "ISC",
            "dependencies": {
                "actions-spec": "^1.0.5-0"
            }
        },
        "node_modules/actions-spec": {
            "version": "1.0.5-0",
            "resolved": "https://registry.npmjs.org/actions-spec/-/actions-spec-1.0.5-0.tgz",
            "integrity": "sha512-FEzVMJEzKPLNlSLaVw/rNAAme9rmm0DV6+ouTCIvJoS20SX0wmIH94spLMMQQbrhgrW5/cNUQJADURFEFV/XCg==",
            "license": "MIT"
        }
    }
}
